
Microsoft Visual Studio Solution File, Format Version 12.00
# Visual Studio Version 17
VisualStudioVersion = 17.8.34408.163
MinimumVisualStudioVersion = 10.0.40219.1
Project("{FAE04EC0-301F-11D3-BF4B-00C04F79EFBC}") = "ShanOS", "ShanOS.csproj", "{04A39190-8061-4347-B385-5DE7664A4C6A}"
EndProject
Global
	GlobalSection(SolutionConfigurationPlatforms) = preSolution
		Debug|Any CPU = Debug|Any CPU
		Release|Any CPU = Release|Any CPU
	EndGlobalSection
	GlobalSection(ProjectConfigurationPlatforms) = postSolution
		{04A39190-8061-4347-B385-5DE7664A4C6A}.Debug|Any CPU.ActiveCfg = Debug|Any CPU
		{04A39190-8061-4347-B385-5DE7664A4C6A}.Debug|Any CPU.Build.0 = Debug|Any CPU
		{04A39190-8061-4347-B385-5DE7664A4C6A}.Release|Any CPU.ActiveCfg = Release|Any CPU
		{04A39190-8061-4347-B385-5DE7664A4C6A}.Release|Any CPU.Build.0 = Release|Any CPU
	EndGlobalSection
	GlobalSection(SolutionProperties) = preSolution
		HideSolutionNode = FALSE
	EndGlobalSection
	GlobalSection(ExtensibilityGlobals) = postSolution
		SolutionGuid = {5D145F7F-FE32-433D-8602-FBF56BF2A0FB}
	EndGlobalSection
EndGlobal
